
Microsoft Visual Studio Solution File, Format Version 12.00
# Visual Studio 2012
Project("{FAE04EC0-301F-11D3-BF4B-00C04F79EFBC}") = "LedController2Client", "LedController2Client\LedController2Client.csproj", "{8FBC67DF-EBFD-4ADA-B9F9-2DB5BBBCF4AD}"
EndProject
Global
	GlobalSection(SolutionConfigurationPlatforms) = preSolution
		Debug|Any CPU = Debug|Any CPU
		FakeDevice|Any CPU = FakeDevice|Any CPU
		Release|Any CPU = Release|Any CPU
	EndGlobalSection
	GlobalSection(ProjectConfigurationPlatforms) = postSolution
		{8FBC67DF-EBFD-4ADA-B9F9-2DB5BBBCF4AD}.Debug|Any CPU.ActiveCfg = Debug|Any CPU
		{8FBC67DF-EBFD-4ADA-B9F9-2DB5BBBCF4AD}.Debug|Any CPU.Build.0 = Debug|Any CPU
		{8FBC67DF-EBFD-4ADA-B9F9-2DB5BBBCF4AD}.FakeDevice|Any CPU.ActiveCfg = FakeDevice|Any CPU
		{8FBC67DF-EBFD-4ADA-B9F9-2DB5BBBCF4AD}.FakeDevice|Any CPU.Build.0 = FakeDevice|Any CPU
		{8FBC67DF-EBFD-4ADA-B9F9-2DB5BBBCF4AD}.Release|Any CPU.ActiveCfg = Release|Any CPU
		{8FBC67DF-EBFD-4ADA-B9F9-2DB5BBBCF4AD}.Release|Any CPU.Build.0 = Release|Any CPU
	EndGlobalSection
	GlobalSection(SolutionProperties) = preSolution
		HideSolutionNode = FALSE
	EndGlobalSection
EndGlobal
