
Microsoft Visual Studio Solution File, Format Version 12.00
# Visual Studio 15
VisualStudioVersion = 15.0.26730.10
MinimumVisualStudioVersion = 10.0.40219.1
Project("{9A19103F-16F7-4668-BE54-9A1E7A4F7556}") = "LedController3Client.Mobile", "LedController3Client.Mobile\LedController3Client.Mobile.csproj", "{C95AE60C-1163-4CE1-930B-9A20CB7300CB}"
EndProject
Project("{FAE04EC0-301F-11D3-BF4B-00C04F79EFBC}") = "LedController3Client.Mobile.Android", "LedController3Client.Mobile.Android\LedController3Client.Mobile.Android.csproj", "{B14F79BB-A348-4B64-B99F-EB8BEE1A7541}"
EndProject
Project("{FAE04EC0-301F-11D3-BF4B-00C04F79EFBC}") = "LedController3Client.Mobile.iOS", "LedController3Client.Mobile.iOS\LedController3Client.Mobile.iOS.csproj", "{5593954A-90DD-4696-AB70-0A249D67F01B}"
EndProject
Global
	GlobalSection(SolutionConfigurationPlatforms) = preSolution
		Ad-Hoc|Any CPU = Ad-Hoc|Any CPU
		Ad-Hoc|iPhone = Ad-Hoc|iPhone
		Ad-Hoc|iPhoneSimulator = Ad-Hoc|iPhoneSimulator
		AppStore|Any CPU = AppStore|Any CPU
		AppStore|iPhone = AppStore|iPhone
		AppStore|iPhoneSimulator = AppStore|iPhoneSimulator
		Debug|Any CPU = Debug|Any CPU
		Debug|iPhone = Debug|iPhone
		Debug|iPhoneSimulator = Debug|iPhoneSimulator
		Release|Any CPU = Release|Any CPU
		Release|iPhone = Release|iPhone
		Release|iPhoneSimulator = Release|iPhoneSimulator
	EndGlobalSection
	GlobalSection(ProjectConfigurationPlatforms) = postSolution
		{C95AE60C-1163-4CE1-930B-9A20CB7300CB}.Ad-Hoc|Any CPU.ActiveCfg = Debug|Any CPU
		{C95AE60C-1163-4CE1-930B-9A20CB7300CB}.Ad-Hoc|Any CPU.Build.0 = Debug|Any CPU
		{C95AE60C-1163-4CE1-930B-9A20CB7300CB}.Ad-Hoc|iPhone.ActiveCfg = Debug|Any CPU
		{C95AE60C-1163-4CE1-930B-9A20CB7300CB}.Ad-Hoc|iPhone.Build.0 = Debug|Any CPU
		{C95AE60C-1163-4CE1-930B-9A20CB7300CB}.Ad-Hoc|iPhoneSimulator.ActiveCfg = Debug|Any CPU
		{C95AE60C-1163-4CE1-930B-9A20CB7300CB}.Ad-Hoc|iPhoneSimulator.Build.0 = Debug|Any CPU
		{C95AE60C-1163-4CE1-930B-9A20CB7300CB}.AppStore|Any CPU.ActiveCfg = Debug|Any CPU
		{C95AE60C-1163-4CE1-930B-9A20CB7300CB}.AppStore|Any CPU.Build.0 = Debug|Any CPU
		{C95AE60C-1163-4CE1-930B-9A20CB7300CB}.AppStore|iPhone.ActiveCfg = Debug|Any CPU
		{C95AE60C-1163-4CE1-930B-9A20CB7300CB}.AppStore|iPhone.Build.0 = Debug|Any CPU
		{C95AE60C-1163-4CE1-930B-9A20CB7300CB}.AppStore|iPhoneSimulator.ActiveCfg = Debug|Any CPU
		{C95AE60C-1163-4CE1-930B-9A20CB7300CB}.AppStore|iPhoneSimulator.Build.0 = Debug|Any CPU
		{C95AE60C-1163-4CE1-930B-9A20CB7300CB}.Debug|Any CPU.ActiveCfg = Debug|Any CPU
		{C95AE60C-1163-4CE1-930B-9A20CB7300CB}.Debug|Any CPU.Build.0 = Debug|Any CPU
		{C95AE60C-1163-4CE1-930B-9A20CB7300CB}.Debug|iPhone.ActiveCfg = Debug|Any CPU
		{C95AE60C-1163-4CE1-930B-9A20CB7300CB}.Debug|iPhone.Build.0 = Debug|Any CPU
		{C95AE60C-1163-4CE1-930B-9A20CB7300CB}.Debug|iPhoneSimulator.ActiveCfg = Debug|Any CPU
		{C95AE60C-1163-4CE1-930B-9A20CB7300CB}.Debug|iPhoneSimulator.Build.0 = Debug|Any CPU
		{C95AE60C-1163-4CE1-930B-9A20CB7300CB}.Release|Any CPU.ActiveCfg = Release|Any CPU
		{C95AE60C-1163-4CE1-930B-9A20CB7300CB}.Release|Any CPU.Build.0 = Release|Any CPU
		{C95AE60C-1163-4CE1-930B-9A20CB7300CB}.Release|iPhone.ActiveCfg = Release|Any CPU
		{C95AE60C-1163-4CE1-930B-9A20CB7300CB}.Release|iPhone.Build.0 = Release|Any CPU
		{C95AE60C-1163-4CE1-930B-9A20CB7300CB}.Release|iPhoneSimulator.ActiveCfg = Release|Any CPU
		{C95AE60C-1163-4CE1-930B-9A20CB7300CB}.Release|iPhoneSimulator.Build.0 = Release|Any CPU
		{B14F79BB-A348-4B64-B99F-EB8BEE1A7541}.Ad-Hoc|Any CPU.ActiveCfg = Release|Any CPU
		{B14F79BB-A348-4B64-B99F-EB8BEE1A7541}.Ad-Hoc|Any CPU.Build.0 = Release|Any CPU
		{B14F79BB-A348-4B64-B99F-EB8BEE1A7541}.Ad-Hoc|Any CPU.Deploy.0 = Release|Any CPU
		{B14F79BB-A348-4B64-B99F-EB8BEE1A7541}.Ad-Hoc|iPhone.ActiveCfg = Release|Any CPU
		{B14F79BB-A348-4B64-B99F-EB8BEE1A7541}.Ad-Hoc|iPhone.Build.0 = Release|Any CPU
		{B14F79BB-A348-4B64-B99F-EB8BEE1A7541}.Ad-Hoc|iPhone.Deploy.0 = Release|Any CPU
		{B14F79BB-A348-4B64-B99F-EB8BEE1A7541}.Ad-Hoc|iPhoneSimulator.ActiveCfg = Release|Any CPU
		{B14F79BB-A348-4B64-B99F-EB8BEE1A7541}.Ad-Hoc|iPhoneSimulator.Build.0 = Release|Any CPU
		{B14F79BB-A348-4B64-B99F-EB8BEE1A7541}.Ad-Hoc|iPhoneSimulator.Deploy.0 = Release|Any CPU
		{B14F79BB-A348-4B64-B99F-EB8BEE1A7541}.AppStore|Any CPU.ActiveCfg = Release|Any CPU
		{B14F79BB-A348-4B64-B99F-EB8BEE1A7541}.AppStore|Any CPU.Build.0 = Release|Any CPU
		{B14F79BB-A348-4B64-B99F-EB8BEE1A7541}.AppStore|Any CPU.Deploy.0 = Release|Any CPU
		{B14F79BB-A348-4B64-B99F-EB8BEE1A7541}.AppStore|iPhone.ActiveCfg = Release|Any CPU
		{B14F79BB-A348-4B64-B99F-EB8BEE1A7541}.AppStore|iPhone.Build.0 = Release|Any CPU
		{B14F79BB-A348-4B64-B99F-EB8BEE1A7541}.AppStore|iPhone.Deploy.0 = Release|Any CPU
		{B14F79BB-A348-4B64-B99F-EB8BEE1A7541}.AppStore|iPhoneSimulator.ActiveCfg = Release|Any CPU
		{B14F79BB-A348-4B64-B99F-EB8BEE1A7541}.AppStore|iPhoneSimulator.Build.0 = Release|Any CPU
		{B14F79BB-A348-4B64-B99F-EB8BEE1A7541}.AppStore|iPhoneSimulator.Deploy.0 = Release|Any CPU
		{B14F79BB-A348-4B64-B99F-EB8BEE1A7541}.Debug|Any CPU.ActiveCfg = Debug|Any CPU
		{B14F79BB-A348-4B64-B99F-EB8BEE1A7541}.Debug|Any CPU.Build.0 = Debug|Any CPU
		{B14F79BB-A348-4B64-B99F-EB8BEE1A7541}.Debug|Any CPU.Deploy.0 = Debug|Any CPU
		{B14F79BB-A348-4B64-B99F-EB8BEE1A7541}.Debug|iPhone.ActiveCfg = Debug|Any CPU
		{B14F79BB-A348-4B64-B99F-EB8BEE1A7541}.Debug|iPhone.Build.0 = Debug|Any CPU
		{B14F79BB-A348-4B64-B99F-EB8BEE1A7541}.Debug|iPhone.Deploy.0 = Debug|Any CPU
		{B14F79BB-A348-4B64-B99F-EB8BEE1A7541}.Debug|iPhoneSimulator.ActiveCfg = Debug|Any CPU
		{B14F79BB-A348-4B64-B99F-EB8BEE1A7541}.Debug|iPhoneSimulator.Build.0 = Debug|Any CPU
		{B14F79BB-A348-4B64-B99F-EB8BEE1A7541}.Debug|iPhoneSimulator.Deploy.0 = Debug|Any CPU
		{B14F79BB-A348-4B64-B99F-EB8BEE1A7541}.Release|Any CPU.ActiveCfg = Release|Any CPU
		{B14F79BB-A348-4B64-B99F-EB8BEE1A7541}.Release|Any CPU.Build.0 = Release|Any CPU
		{B14F79BB-A348-4B64-B99F-EB8BEE1A7541}.Release|Any CPU.Deploy.0 = Release|Any CPU
		{B14F79BB-A348-4B64-B99F-EB8BEE1A7541}.Release|iPhone.ActiveCfg = Release|Any CPU
		{B14F79BB-A348-4B64-B99F-EB8BEE1A7541}.Release|iPhone.Build.0 = Release|Any CPU
		{B14F79BB-A348-4B64-B99F-EB8BEE1A7541}.Release|iPhone.Deploy.0 = Release|Any CPU
		{B14F79BB-A348-4B64-B99F-EB8BEE1A7541}.Release|iPhoneSimulator.ActiveCfg = Release|Any CPU
		{B14F79BB-A348-4B64-B99F-EB8BEE1A7541}.Release|iPhoneSimulator.Build.0 = Release|Any CPU
		{B14F79BB-A348-4B64-B99F-EB8BEE1A7541}.Release|iPhoneSimulator.Deploy.0 = Release|Any CPU
		{5593954A-90DD-4696-AB70-0A249D67F01B}.Ad-Hoc|Any CPU.ActiveCfg = Ad-Hoc|iPhone
		{5593954A-90DD-4696-AB70-0A249D67F01B}.Ad-Hoc|iPhone.ActiveCfg = Ad-Hoc|iPhone
		{5593954A-90DD-4696-AB70-0A249D67F01B}.Ad-Hoc|iPhone.Build.0 = Ad-Hoc|iPhone
		{5593954A-90DD-4696-AB70-0A249D67F01B}.Ad-Hoc|iPhoneSimulator.ActiveCfg = Ad-Hoc|iPhoneSimulator
		{5593954A-90DD-4696-AB70-0A249D67F01B}.Ad-Hoc|iPhoneSimulator.Build.0 = Ad-Hoc|iPhoneSimulator
		{5593954A-90DD-4696-AB70-0A249D67F01B}.AppStore|Any CPU.ActiveCfg = AppStore|iPhone
		{5593954A-90DD-4696-AB70-0A249D67F01B}.AppStore|iPhone.ActiveCfg = AppStore|iPhone
		{5593954A-90DD-4696-AB70-0A249D67F01B}.AppStore|iPhone.Build.0 = AppStore|iPhone
		{5593954A-90DD-4696-AB70-0A249D67F01B}.AppStore|iPhoneSimulator.ActiveCfg = AppStore|iPhoneSimulator
		{5593954A-90DD-4696-AB70-0A249D67F01B}.AppStore|iPhoneSimulator.Build.0 = AppStore|iPhoneSimulator
		{5593954A-90DD-4696-AB70-0A249D67F01B}.Debug|Any CPU.ActiveCfg = Debug|iPhone
		{5593954A-90DD-4696-AB70-0A249D67F01B}.Debug|iPhone.ActiveCfg = Debug|iPhone
		{5593954A-90DD-4696-AB70-0A249D67F01B}.Debug|iPhone.Build.0 = Debug|iPhone
		{5593954A-90DD-4696-AB70-0A249D67F01B}.Debug|iPhoneSimulator.ActiveCfg = Debug|iPhoneSimulator
		{5593954A-90DD-4696-AB70-0A249D67F01B}.Debug|iPhoneSimulator.Build.0 = Debug|iPhoneSimulator
		{5593954A-90DD-4696-AB70-0A249D67F01B}.Release|Any CPU.ActiveCfg = Release|iPhone
		{5593954A-90DD-4696-AB70-0A249D67F01B}.Release|iPhone.ActiveCfg = Release|iPhone
		{5593954A-90DD-4696-AB70-0A249D67F01B}.Release|iPhone.Build.0 = Release|iPhone
		{5593954A-90DD-4696-AB70-0A249D67F01B}.Release|iPhoneSimulator.ActiveCfg = Release|iPhoneSimulator
		{5593954A-90DD-4696-AB70-0A249D67F01B}.Release|iPhoneSimulator.Build.0 = Release|iPhoneSimulator
	EndGlobalSection
	GlobalSection(SolutionProperties) = preSolution
		HideSolutionNode = FALSE
	EndGlobalSection
	GlobalSection(ExtensibilityGlobals) = postSolution
		SolutionGuid = {F6D05029-56B8-4E45-AF2D-0E76295DDBA2}
	EndGlobalSection
EndGlobal
